
Microsoft Visual Studio Solution File, Format Version 12.00
# Visual Studio Version 17
VisualStudioVersion = 17.13.35913.81 d17.13
MinimumVisualStudioVersion = 10.0.40219.1
Project("{FAE04EC0-301F-11D3-BF4B-00C04F79EFBC}") = "git no 1", "git no 1\git no 1.csproj", "{55224B1F-0829-40AC-9E4E-0501ABB82CFE}"
EndProject
Global
	GlobalSection(SolutionConfigurationPlatforms) = preSolution
		Debug|Any CPU = Debug|Any CPU
		Release|Any CPU = Release|Any CPU
	EndGlobalSection
	GlobalSection(ProjectConfigurationPlatforms) = postSolution
		{55224B1F-0829-40AC-9E4E-0501ABB82CFE}.Debug|Any CPU.ActiveCfg = Debug|Any CPU
		{55224B1F-0829-40AC-9E4E-0501ABB82CFE}.Debug|Any CPU.Build.0 = Debug|Any CPU
		{55224B1F-0829-40AC-9E4E-0501ABB82CFE}.Release|Any CPU.ActiveCfg = Release|Any CPU
		{55224B1F-0829-40AC-9E4E-0501ABB82CFE}.Release|Any CPU.Build.0 = Release|Any CPU
	EndGlobalSection
	GlobalSection(SolutionProperties) = preSolution
		HideSolutionNode = FALSE
	EndGlobalSection
	GlobalSection(ExtensibilityGlobals) = postSolution
		SolutionGuid = {F1B0090D-C09A-44FB-99EF-D521DAC1E50A}
	EndGlobalSection
EndGlobal
